
Microsoft Visual Studio Solution File, Format Version 12.00
# Visual Studio 15
VisualStudioVersion = 15.0.28307.1145
MinimumVisualStudioVersion = 10.0.40219.1
Project("{FAE04EC0-301F-11D3-BF4B-00C04F79EFBC}") = "WorldOfWords", "WorldOfWords\WorldOfWords.csproj", "{79523E68-D2FC-4C3A-B625-2BA01E242196}"
EndProject
Project("{FAE04EC0-301F-11D3-BF4B-00C04F79EFBC}") = "WorldOfWords.Model", "WorldOfWords.Model\WorldOfWords.Model.csproj", "{2D7D9B99-8058-43C8-B350-4EB1F1770FA1}"
EndProject
Project("{FAE04EC0-301F-11D3-BF4B-00C04F79EFBC}") = "WorldOfWords.Infrastructure", "WorldOfWords.Infrastructure\WorldOfWords.Infrastructure.csproj", "{2A2F0380-E321-4B8D-8B39-066CA1F30D36}"
EndProject
Project("{FAE04EC0-301F-11D3-BF4B-00C04F79EFBC}") = "WorldOfWords.Tests", "WorldOfWords.Tests\WorldOfWords.Tests.csproj", "{BC95B311-488E-44CE-B863-F182AE72E7CE}"
EndProject
Global
	GlobalSection(SolutionConfigurationPlatforms) = preSolution
		Debug|Any CPU = Debug|Any CPU
		Release|Any CPU = Release|Any CPU
	EndGlobalSection
	GlobalSection(ProjectConfigurationPlatforms) = postSolution
		{79523E68-D2FC-4C3A-B625-2BA01E242196}.Debug|Any CPU.ActiveCfg = Debug|Any CPU
		{79523E68-D2FC-4C3A-B625-2BA01E242196}.Debug|Any CPU.Build.0 = Debug|Any CPU
		{79523E68-D2FC-4C3A-B625-2BA01E242196}.Release|Any CPU.ActiveCfg = Release|Any CPU
		{79523E68-D2FC-4C3A-B625-2BA01E242196}.Release|Any CPU.Build.0 = Release|Any CPU
		{2D7D9B99-8058-43C8-B350-4EB1F1770FA1}.Debug|Any CPU.ActiveCfg = Debug|Any CPU
		{2D7D9B99-8058-43C8-B350-4EB1F1770FA1}.Debug|Any CPU.Build.0 = Debug|Any CPU
		{2D7D9B99-8058-43C8-B350-4EB1F1770FA1}.Release|Any CPU.ActiveCfg = Release|Any CPU
		{2D7D9B99-8058-43C8-B350-4EB1F1770FA1}.Release|Any CPU.Build.0 = Release|Any CPU
		{2A2F0380-E321-4B8D-8B39-066CA1F30D36}.Debug|Any CPU.ActiveCfg = Debug|Any CPU
		{2A2F0380-E321-4B8D-8B39-066CA1F30D36}.Debug|Any CPU.Build.0 = Debug|Any CPU
		{2A2F0380-E321-4B8D-8B39-066CA1F30D36}.Release|Any CPU.ActiveCfg = Release|Any CPU
		{2A2F0380-E321-4B8D-8B39-066CA1F30D36}.Release|Any CPU.Build.0 = Release|Any CPU
		{BC95B311-488E-44CE-B863-F182AE72E7CE}.Debug|Any CPU.ActiveCfg = Debug|Any CPU
		{BC95B311-488E-44CE-B863-F182AE72E7CE}.Debug|Any CPU.Build.0 = Debug|Any CPU
		{BC95B311-488E-44CE-B863-F182AE72E7CE}.Release|Any CPU.ActiveCfg = Release|Any CPU
		{BC95B311-488E-44CE-B863-F182AE72E7CE}.Release|Any CPU.Build.0 = Release|Any CPU
	EndGlobalSection
	GlobalSection(SolutionProperties) = preSolution
		HideSolutionNode = FALSE
	EndGlobalSection
	GlobalSection(ExtensibilityGlobals) = postSolution
		SolutionGuid = {1E70B225-8EAB-42E7-8331-5920B61D3C11}
	EndGlobalSection
EndGlobal
